// !$*UTF8*$!
{
	archiveVersion = 1;
	classes = {
	};
	objectVersion = 51;
	objects = {

/* Begin PBXBuildFile section */
		0562651619AD623C3DE1AB31 /* Pods_ToDoListApp.framework in Frameworks */ = {isa = PBXBuildFile; fileRef = 419D9107B08F8D387C10CB06 /* Pods_ToDoListApp.framework */; };
		63C6893726C74CEC00FB8CA1 /* AppDelegate.swift in Sources */ = {isa = PBXBuildFile; fileRef = 63C6893626C74CEC00FB8CA1 /* AppDelegate.swift */; };
		63C6893926C74CEC00FB8CA1 /* SceneDelegate.swift in Sources */ = {isa = PBXBuildFile; fileRef = 63C6893826C74CEC00FB8CA1 /* SceneDelegate.swift */; };
		63C6893B26C74CEC00FB8CA1 /* MainVC.swift in Sources */ = {isa = PBXBuildFile; fileRef = 63C6893A26C74CEC00FB8CA1 /* MainVC.swift */; };
		63C6893E26C74CEC00FB8CA1 /* Main.storyboard in Resources */ = {isa = PBXBuildFile; fileRef = 63C6893C26C74CEC00FB8CA1 /* Main.storyboard */; };
		63C6894026C74CEC00FB8CA1 /* Assets.xcassets in Resources */ = {isa = PBXBuildFile; fileRef = 63C6893F26C74CEC00FB8CA1 /* Assets.xcassets */; };
		63C6894326C74CEC00FB8CA1 /* LaunchScreen.storyboard in Resources */ = {isa = PBXBuildFile; fileRef = 63C6894126C74CEC00FB8CA1 /* LaunchScreen.storyboard */; };
		63C6895026C751BB00FB8CA1 /* ToDoListItem.swift in Sources */ = {isa = PBXBuildFile; fileRef = 63C6894F26C751BB00FB8CA1 /* ToDoListItem.swift */; };
		63C6895226C7543A00FB8CA1 /* EntryVC.swift in Sources */ = {isa = PBXBuildFile; fileRef = 63C6895126C7543A00FB8CA1 /* EntryVC.swift */; };
		63C6895426C7545700FB8CA1 /* ViewVC.swift in Sources */ = {isa = PBXBuildFile; fileRef = 63C6895326C7545700FB8CA1 /* ViewVC.swift */; };
/* End PBXBuildFile section */

/* Begin PBXFileReference section */
		0DC2DC550396C83B5CF51D3C /* Pods-ToDoListApp.release.xcconfig */ = {isa = PBXFileReference; includeInIndex = 1; lastKnownFileType = text.xcconfig; name = "Pods-ToDoListApp.release.xcconfig"; path = "Target Support Files/Pods-ToDoListApp/Pods-ToDoListApp.release.xcconfig"; sourceTree = "<group>"; };
		419D9107B08F8D387C10CB06 /* Pods_ToDoListApp.framework */ = {isa = PBXFileReference; explicitFileType = wrapper.framework; includeInIndex = 0; path = Pods_ToDoListApp.framework; sourceTree = BUILT_PRODUCTS_DIR; };
		63C6893326C74CEC00FB8CA1 /* ToDoListApp.app */ = {isa = PBXFileReference; explicitFileType = wrapper.application; includeInIndex = 0; path = ToDoListApp.app; sourceTree = BUILT_PRODUCTS_DIR; };
		63C6893626C74CEC00FB8CA1 /* AppDelegate.swift */ = {isa = PBXFileReference; lastKnownFileType = sourcecode.swift; path = AppDelegate.swift; sourceTree = "<group>"; };
		63C6893826C74CEC00FB8CA1 /* SceneDelegate.swift */ = {isa = PBXFileReference; lastKnownFileType = sourcecode.swift; path = SceneDelegate.swift; sourceTree = "<group>"; };
		63C6893A26C74CEC00FB8CA1 /* MainVC.swift */ = {isa = PBXFileReference; lastKnownFileType = sourcecode.swift; path = MainVC.swift; sourceTree = "<group>"; };
		63C6893D26C74CEC00FB8CA1 /* Base */ = {isa = PBXFileReference; lastKnownFileType = file.storyboard; name = Base; path = Base.lproj/Main.storyboard; sourceTree = "<group>"; };
		63C6893F26C74CEC00FB8CA1 /* Assets.xcassets */ = {isa = PBXFileReference; lastKnownFileType = folder.assetcatalog; path = Assets.xcassets; sourceTree = "<group>"; };
		63C6894226C74CEC00FB8CA1 /* Base */ = {isa = PBXFileReference; lastKnownFileType = file.storyboard; name = Base; path = Base.lproj/LaunchScreen.storyboard; sourceTree = "<group>"; };
		63C6894426C74CEC00FB8CA1 /* Info.plist */ = {isa = PBXFileReference; lastKnownFileType = text.plist.xml; path = Info.plist; sourceTree = "<group>"; };
		63C6894F26C751BB00FB8CA1 /* ToDoListItem.swift */ = {isa = PBXFileReference; lastKnownFileType = sourcecode.swift; path = ToDoListItem.swift; sourceTree = "<group>"; };
		63C6895126C7543A00FB8CA1 /* EntryVC.swift */ = {isa = PBXFileReference; lastKnownFileType = sourcecode.swift; path = EntryVC.swift; sourceTree = "<group>"; };
		63C6895326C7545700FB8CA1 /* ViewVC.swift */ = {isa = PBXFileReference; lastKnownFileType = sourcecode.swift; path = ViewVC.swift; sourceTree = "<group>"; };
		96BA82935A1FAB205DC966E8 /* Pods-ToDoListApp.debug.xcconfig */ = {isa = PBXFileReference; includeInIndex = 1; lastKnownFileType = text.xcconfig; name = "Pods-ToDoListApp.debug.xcconfig"; path = "Target Support Files/Pods-ToDoListApp/Pods-ToDoListApp.debug.xcconfig"; sourceTree = "<group>"; };
/* End PBXFileReference section */

/* Begin PBXFrameworksBuildPhase section */
		63C6893026C74CEC00FB8CA1 /* Frameworks */ = {
			isa = PBXFrameworksBuildPhase;
			buildActionMask = 2147483647;
			files = (
				0562651619AD623C3DE1AB31 /* Pods_ToDoListApp.framework in Frameworks */,
			);
			runOnlyForDeploymentPostprocessing = 0;
		};
/* End PBXFrameworksBuildPhase section */

/* Begin PBXGroup section */
		2B1A1FA2391AD62EE5EE4596 /* Frameworks */ = {
			isa = PBXGroup;
			children = (
				419D9107B08F8D387C10CB06 /* Pods_ToDoListApp.framework */,
			);
			name = Frameworks;
			sourceTree = "<group>";
		};
		63C6892A26C74CEB00FB8CA1 = {
			isa = PBXGroup;
			children = (
				63C6894A26C74CF600FB8CA1 /* AppDelegates */,
				63C6894E26C74D2D00FB8CA1 /* Model */,
				63C6894C26C74D1900FB8CA1 /* View */,
				63C6894B26C74D0A00FB8CA1 /* Controllers */,
				63C6893526C74CEC00FB8CA1 /* ToDoListApp */,
				63C6893426C74CEC00FB8CA1 /* Products */,
				B55FF45BFA56E7B873FFA10D /* Pods */,
				2B1A1FA2391AD62EE5EE4596 /* Frameworks */,
			);
			sourceTree = "<group>";
		};
		63C6893426C74CEC00FB8CA1 /* Products */ = {
			isa = PBXGroup;
			children = (
				63C6893326C74CEC00FB8CA1 /* ToDoListApp.app */,
			);
			name = Products;
			sourceTree = "<group>";
		};
		63C6893526C74CEC00FB8CA1 /* ToDoListApp */ = {
			isa = PBXGroup;
			children = (
				63C6893F26C74CEC00FB8CA1 /* Assets.xcassets */,
				63C6894426C74CEC00FB8CA1 /* Info.plist */,
			);
			path = ToDoListApp;
			sourceTree = "<group>";
		};
		63C6894A26C74CF600FB8CA1 /* AppDelegates */ = {
			isa = PBXGroup;
			children = (
				63C6893626C74CEC00FB8CA1 /* AppDelegate.swift */,
				63C6893826C74CEC00FB8CA1 /* SceneDelegate.swift */,
			);
			path = AppDelegates;
			sourceTree = "<group>";
		};
		63C6894B26C74D0A00FB8CA1 /* Controllers */ = {
			isa = PBXGroup;
			children = (
				63C6893A26C74CEC00FB8CA1 /* MainVC.swift */,
				63C6895126C7543A00FB8CA1 /* EntryVC.swift */,
				63C6895326C7545700FB8CA1 /* ViewVC.swift */,
			);
			path = Controllers;
			sourceTree = "<group>";
		};
		63C6894C26C74D1900FB8CA1 /* View */ = {
			isa = PBXGroup;
			children = (
				63C6894D26C74D1E00FB8CA1 /* Storyboards */,
			);
			path = View;
			sourceTree = "<group>";
		};
		63C6894D26C74D1E00FB8CA1 /* Storyboards */ = {
			isa = PBXGroup;
			children = (
				63C6894126C74CEC00FB8CA1 /* LaunchScreen.storyboard */,
				63C6893C26C74CEC00FB8CA1 /* Main.storyboard */,
			);
			path = Storyboards;
			sourceTree = "<group>";
		};
		63C6894E26C74D2D00FB8CA1 /* Model */ = {
			isa = PBXGroup;
			children = (
				63C6894F26C751BB00FB8CA1 /* ToDoListItem.swift */,
			);
			path = Model;
			sourceTree = "<group>";
		};
		B55FF45BFA56E7B873FFA10D /* Pods */ = {
			isa = PBXGroup;
			children = (
				96BA82935A1FAB205DC966E8 /* Pods-ToDoListApp.debug.xcconfig */,
				0DC2DC550396C83B5CF51D3C /* Pods-ToDoListApp.release.xcconfig */,
			);
			path = Pods;
			sourceTree = "<group>";
		};
/* End PBXGroup section */

/* Begin PBXNativeTarget section */
		63C6893226C74CEC00FB8CA1 /* ToDoListApp */ = {
			isa = PBXNativeTarget;
			buildConfigurationList = 63C6894726C74CEC00FB8CA1 /* Build configuration list for PBXNativeTarget "ToDoListApp" */;
			buildPhases = (
				283324695B1BA13678F8DF88 /* [CP] Check Pods Manifest.lock */,
				63C6892F26C74CEC00FB8CA1 /* Sources */,
				63C6893026C74CEC00FB8CA1 /* Frameworks */,
				63C6893126C74CEC00FB8CA1 /* Resources */,
				B7B5EA403B7F8053DFB2CC34 /* [CP] Embed Pods Frameworks */,
			);
			buildRules = (
			);
			dependencies = (
			);
			name = ToDoListApp;
			productName = ToDoListApp;
			productReference = 63C6893326C74CEC00FB8CA1 /* ToDoListApp.app */;
			productType = "com.apple.product-type.application";
		};
/* End PBXNativeTarget section */

/* Begin PBXProject section */
		63C6892B26C74CEB00FB8CA1 /* Project object */ = {
			isa = PBXProject;
			attributes = {
				LastSwiftUpdateCheck = 1250;
				LastUpgradeCheck = 1250;
				TargetAttributes = {
					63C6893226C74CEC00FB8CA1 = {
						CreatedOnToolsVersion = 12.5.1;
					};
				};
			};
			buildConfigurationList = 63C6892E26C74CEB00FB8CA1 /* Build configuration list for PBXProject "ToDoListApp" */;
			compatibilityVersion = "Xcode 9.3";
			developmentRegion = en;
			hasScannedForEncodings = 0;
			knownRegions = (
				en,
				Base,
			);
			mainGroup = 63C6892A26C74CEB00FB8CA1;
			productRefGroup = 63C6893426C74CEC00FB8CA1 /* Products */;
			projectDirPath = "";
			projectRoot = "";
			targets = (
				63C6893226C74CEC00FB8CA1 /* ToDoListApp */,
			);
		};
/* End PBXProject section */

/* Begin PBXResourcesBuildPhase section */
		63C6893126C74CEC00FB8CA1 /* Resources */ = {
			isa = PBXResourcesBuildPhase;
			buildActionMask = 2147483647;
			files = (
				63C6894326C74CEC00FB8CA1 /* LaunchScreen.storyboard in Resources */,
				63C6894026C74CEC00FB8CA1 /* Assets.xcassets in Resources */,
				63C6893E26C74CEC00FB8CA1 /* Main.storyboard in Resources */,
			);
			runOnlyForDeploymentPostprocessing = 0;
		};
/* End PBXResourcesBuildPhase section */

/* Begin PBXShellScriptBuildPhase section */
		283324695B1BA13678F8DF88 /* [CP] Check Pods Manifest.lock */ = {
			isa = PBXShellScriptBuildPhase;
			buildActionMask = 2147483647;
			files = (
			);
			inputFileListPaths = (
			);
			inputPaths = (
				"${PODS_PODFILE_DIR_PATH}/Podfile.lock",
				"${PODS_ROOT}/Manifest.lock",
			);
			name = "[CP] Check Pods Manifest.lock";
			outputFileListPaths = (
			);
			outputPaths = (
				"$(DERIVED_FILE_DIR)/Pods-ToDoListApp-checkManifestLockResult.txt",
			);
			runOnlyForDeploymentPostprocessing = 0;
			shellPath = /bin/sh;
			shellScript = "diff \"${PODS_PODFILE_DIR_PATH}/Podfile.lock\" \"${PODS_ROOT}/Manifest.lock\" > /dev/null\nif [ $? != 0 ] ; then\n    # print error to STDERR\n    echo \"error: The sandbox is not in sync with the Podfile.lock. Run 'pod install' or update your CocoaPods installation.\" >&2\n    exit 1\nfi\n# This output is used by Xcode 'outputs' to avoid re-running this script phase.\necho \"SUCCESS\" > \"${SCRIPT_OUTPUT_FILE_0}\"\n";
			showEnvVarsInLog = 0;
		};
		B7B5EA403B7F8053DFB2CC34 /* [CP] Embed Pods Frameworks */ = {
			isa = PBXShellScriptBuildPhase;
			buildActionMask = 2147483647;
			files = (
			);
			inputFileListPaths = (
				"${PODS_ROOT}/Target Support Files/Pods-ToDoListApp/Pods-ToDoListApp-frameworks-${CONFIGURATION}-input-files.xcfilelist",
			);
			name = "[CP] Embed Pods Frameworks";
			outputFileListPaths = (
				"${PODS_ROOT}/Target Support Files/Pods-ToDoListApp/Pods-ToDoListApp-frameworks-${CONFIGURATION}-output-files.xcfilelist",
			);
			runOnlyForDeploymentPostprocessing = 0;
			shellPath = /bin/sh;
			shellScript = "\"${PODS_ROOT}/Target Support Files/Pods-ToDoListApp/Pods-ToDoListApp-frameworks.sh\"\n";
			showEnvVarsInLog = 0;
		};
/* End PBXShellScriptBuildPhase section */

/* Begin PBXSourcesBuildPhase section */
		63C6892F26C74CEC00FB8CA1 /* Sources */ = {
			isa = PBXSourcesBuildPhase;
			buildActionMask = 2147483647;
			files = (
				63C6893B26C74CEC00FB8CA1 /* MainVC.swift in Sources */,
				63C6895426C7545700FB8CA1 /* ViewVC.swift in Sources */,
				63C6893726C74CEC00FB8CA1 /* AppDelegate.swift in Sources */,
				63C6895226C7543A00FB8CA1 /* EntryVC.swift in Sources */,
				63C6895026C751BB00FB8CA1 /* ToDoListItem.swift in Sources */,
				63C6893926C74CEC00FB8CA1 /* SceneDelegate.swift in Sources */,
			);
			runOnlyForDeploymentPostprocessing = 0;
		};
/* End PBXSourcesBuildPhase section */

/* Begin PBXVariantGroup section */
		63C6893C26C74CEC00FB8CA1 /* Main.storyboard */ = {
			isa = PBXVariantGroup;
			children = (
				63C6893D26C74CEC00FB8CA1 /* Base */,
			);
			name = Main.storyboard;
			sourceTree = "<group>";
		};
		63C6894126C74CEC00FB8CA1 /* LaunchScreen.storyboard */ = {
			isa = PBXVariantGroup;
			children = (
				63C6894226C74CEC00FB8CA1 /* Base */,
			);
			name = LaunchScreen.storyboard;
			sourceTree = "<group>";
		};
/* End PBXVariantGroup section */

/* Begin XCBuildConfiguration section */
		63C6894526C74CEC00FB8CA1 /* Debug */ = {
			isa = XCBuildConfiguration;
			buildSettings = {
				ALWAYS_SEARCH_USER_PATHS = NO;
				CLANG_ANALYZER_NONNULL = YES;
				CLANG_ANALYZER_NUMBER_OBJECT_CONVERSION = YES_AGGRESSIVE;
				CLANG_CXX_LANGUAGE_STANDARD = "gnu++14";
				CLANG_CXX_LIBRARY = "libc++";
				CLANG_ENABLE_MODULES = YES;
				CLANG_ENABLE_OBJC_ARC = YES;
				CLANG_ENABLE_OBJC_WEAK = YES;
				CLANG_WARN_BLOCK_CAPTURE_AUTORELEASING = YES;
				CLANG_WARN_BOOL_CONVERSION = YES;
				CLANG_WARN_COMMA = YES;
				CLANG_WARN_CONSTANT_CONVERSION = YES;
				CLANG_WARN_DEPRECATED_OBJC_IMPLEMENTATIONS = YES;
				CLANG_WARN_DIRECT_OBJC_ISA_USAGE = YES_ERROR;
				CLANG_WARN_DOCUMENTATION_COMMENTS = YES;
				CLANG_WARN_EMPTY_BODY = YES;
				CLANG_WARN_ENUM_CONVERSION = YES;
				CLANG_WARN_INFINITE_RECURSION = YES;
				CLANG_WARN_INT_CONVERSION = YES;
				CLANG_WARN_NON_LITERAL_NULL_CONVERSION = YES;
				CLANG_WARN_OBJC_IMPLICIT_RETAIN_SELF = YES;
				CLANG_WARN_OBJC_LITERAL_CONVERSION = YES;
				CLANG_WARN_OBJC_ROOT_CLASS = YES_ERROR;
				CLANG_WARN_QUOTED_INCLUDE_IN_FRAMEWORK_HEADER = YES;
				CLANG_WARN_RANGE_LOOP_ANALYSIS = YES;
				CLANG_WARN_STRICT_PROTOTYPES = YES;
				CLANG_WARN_SUSPICIOUS_MOVE = YES;
				CLANG_WARN_UNGUARDED_AVAILABILITY = YES_AGGRESSIVE;
				CLANG_WARN_UNREACHABLE_CODE = YES;
				CLANG_WARN__DUPLICATE_METHOD_MATCH = YES;
				COPY_PHASE_STRIP = NO;
				DEBUG_INFORMATION_FORMAT = dwarf;
				ENABLE_STRICT_OBJC_MSGSEND = YES;
				ENABLE_TESTABILITY = YES;
				GCC_C_LANGUAGE_STANDARD = gnu11;
				GCC_DYNAMIC_NO_PIC = NO;
				GCC_NO_COMMON_BLOCKS = YES;
				GCC_OPTIMIZATION_LEVEL = 0;
				GCC_PREPROCESSOR_DEFINITIONS = (
					"DEBUG=1",
					"$(inherited)",
				);
				GCC_WARN_64_TO_32_BIT_CONVERSION = YES;
				GCC_WARN_ABOUT_RETURN_TYPE = YES_ERROR;
				GCC_WARN_UNDECLARED_SELECTOR = YES;
				GCC_WARN_UNINITIALIZED_AUTOS = YES_AGGRESSIVE;
				GCC_WARN_UNUSED_FUNCTION = YES;
				GCC_WARN_UNUSED_VARIABLE = YES;
				IPHONEOS_DEPLOYMENT_TARGET = 14.5;
				MTL_ENABLE_DEBUG_INFO = INCLUDE_SOURCE;
				MTL_FAST_MATH = YES;
				ONLY_ACTIVE_ARCH = YES;
				SDKROOT = iphoneos;
				SWIFT_ACTIVE_COMPILATION_CONDITIONS = DEBUG;
				SWIFT_OPTIMIZATION_LEVEL = "-Onone";
			};
			name = Debug;
		};
		63C6894626C74CEC00FB8CA1 /* Release */ = {
			isa = XCBuildConfiguration;
			buildSettings = {
				ALWAYS_SEARCH_USER_PATHS = NO;
				CLANG_ANALYZER_NONNULL = YES;
				CLANG_ANALYZER_NUMBER_OBJECT_CONVERSION = YES_AGGRESSIVE;
				CLANG_CXX_LANGUAGE_STANDARD = "gnu++14";
				CLANG_CXX_LIBRARY = "libc++";
				CLANG_ENABLE_MODULES = YES;
				CLANG_ENABLE_OBJC_ARC = YES;
				CLANG_ENABLE_OBJC_WEAK = YES;
				CLANG_WARN_BLOCK_CAPTURE_AUTORELEASING = YES;
				CLANG_WARN_BOOL_CONVERSION = YES;
				CLANG_WARN_COMMA = YES;
				CLANG_WARN_CONSTANT_CONVERSION = YES;
				CLANG_WARN_DEPRECATED_OBJC_IMPLEMENTATIONS = YES;
				CLANG_WARN_DIRECT_OBJC_ISA_USAGE = YES_ERROR;
				CLANG_WARN_DOCUMENTATION_COMMENTS = YES;
				CLANG_WARN_EMPTY_BODY = YES;
				CLANG_WARN_ENUM_CONVERSION = YES;
				CLANG_WARN_INFINITE_RECURSION = YES;
				CLANG_WARN_INT_CONVERSION = YES;
				CLANG_WARN_NON_LITERAL_NULL_CONVERSION = YES;
				CLANG_WARN_OBJC_IMPLICIT_RETAIN_SELF = YES;
				CLANG_WARN_OBJC_LITERAL_CONVERSION = YES;
				CLANG_WARN_OBJC_ROOT_CLASS = YES_ERROR;
				CLANG_WARN_QUOTED_INCLUDE_IN_FRAMEWORK_HEADER = YES;
				CLANG_WARN_RANGE_LOOP_ANALYSIS = YES;
				CLANG_WARN_STRICT_PROTOTYPES = YES;
				CLANG_WARN_SUSPICIOUS_MOVE = YES;
				CLANG_WARN_UNGUARDED_AVAILABILITY = YES_AGGRESSIVE;
				CLANG_WARN_UNREACHABLE_CODE = YES;
				CLANG_WARN__DUPLICATE_METHOD_MATCH = YES;
				COPY_PHASE_STRIP = NO;
				DEBUG_INFORMATION_FORMAT = "dwarf-with-dsym";
				ENABLE_NS_ASSERTIONS = NO;
				ENABLE_STRICT_OBJC_MSGSEND = YES;
				GCC_C_LANGUAGE_STANDARD = gnu11;
				GCC_NO_COMMON_BLOCKS = YES;
				GCC_WARN_64_TO_32_BIT_CONVERSION = YES;
				GCC_WARN_ABOUT_RETURN_TYPE = YES_ERROR;
				GCC_WARN_UNDECLARED_SELECTOR = YES;
				GCC_WARN_UNINITIALIZED_AUTOS = YES_AGGRESSIVE;
				GCC_WARN_UNUSED_FUNCTION = YES;
				GCC_WARN_UNUSED_VARIABLE = YES;
				IPHONEOS_DEPLOYMENT_TARGET = 14.5;
				MTL_ENABLE_DEBUG_INFO = NO;
				MTL_FAST_MATH = YES;
				SDKROOT = iphoneos;
				SWIFT_COMPILATION_MODE = wholemodule;
				SWIFT_OPTIMIZATION_LEVEL = "-O";
				VALIDATE_PRODUCT = YES;
			};
			name = Release;
		};
		63C6894826C74CEC00FB8CA1 /* Debug */ = {
			isa = XCBuildConfiguration;
			baseConfigurationReference = 96BA82935A1FAB205DC966E8 /* Pods-ToDoListApp.debug.xcconfig */;
			buildSettings = {
				ASSETCATALOG_COMPILER_APPICON_NAME = AppIcon;
				ASSETCATALOG_COMPILER_GLOBAL_ACCENT_COLOR_NAME = AccentColor;
				CODE_SIGN_STYLE = Automatic;
				DEVELOPMENT_TEAM = U2BZRX4R9C;
				INFOPLIST_FILE = ToDoListApp/Info.plist;
				LD_RUNPATH_SEARCH_PATHS = (
					"$(inherited)",
					"@executable_path/Frameworks",
				);
				PRODUCT_BUNDLE_IDENTIFIER = com.AbdelrhmanElbattawy.ToDoListApp;
				PRODUCT_NAME = "$(TARGET_NAME)";
				SWIFT_VERSION = 5.0;
				TARGETED_DEVICE_FAMILY = "1,2";
			};
			name = Debug;
		};
		63C6894926C74CEC00FB8CA1 /* Release */ = {
			isa = XCBuildConfiguration;
			baseConfigurationReference = 0DC2DC550396C83B5CF51D3C /* Pods-ToDoListApp.release.xcconfig */;
			buildSettings = {
				ASSETCATALOG_COMPILER_APPICON_NAME = AppIcon;
				ASSETCATALOG_COMPILER_GLOBAL_ACCENT_COLOR_NAME = AccentColor;
				CODE_SIGN_STYLE = Automatic;
				DEVELOPMENT_TEAM = U2BZRX4R9C;
				INFOPLIST_FILE = ToDoListApp/Info.plist;
				LD_RUNPATH_SEARCH_PATHS = (
					"$(inherited)",
					"@executable_path/Frameworks",
				);
				PRODUCT_BUNDLE_IDENTIFIER = com.AbdelrhmanElbattawy.ToDoListApp;
				PRODUCT_NAME = "$(TARGET_NAME)";
				SWIFT_VERSION = 5.0;
				TARGETED_DEVICE_FAMILY = "1,2";
			};
			name = Release;
		};
/* End XCBuildConfiguration section */

/* Begin XCConfigurationList section */
		63C6892E26C74CEB00FB8CA1 /* Build configuration list for PBXProject "ToDoListApp" */ = {
			isa = XCConfigurationList;
			buildConfigurations = (
				63C6894526C74CEC00FB8CA1 /* Debug */,
				63C6894626C74CEC00FB8CA1 /* Release */,
			);
			defaultConfigurationIsVisible = 0;
			defaultConfigurationName = Release;
		};
		63C6894726C74CEC00FB8CA1 /* Build configuration list for PBXNativeTarget "ToDoListApp" */ = {
			isa = XCConfigurationList;
			buildConfigurations = (
				63C6894826C74CEC00FB8CA1 /* Debug */,
				63C6894926C74CEC00FB8CA1 /* Release */,
			);
			defaultConfigurationIsVisible = 0;
			defaultConfigurationName = Release;
		};
/* End XCConfigurationList section */
	};
	rootObject = 63C6892B26C74CEB00FB8CA1 /* Project object */;
}
